// !$*UTF8*$!
{
	archiveVersion = 1;
	classes = {
	};
	objectVersion = 46;
	objects = {

/* Begin PBXBuildFile section */
		B57843E11BDF801E00D1AE5D /* AppDelegate.swift in Sources */ = {isa = PBXBuildFile; fileRef = B5AC13E31BDA5A6600415BE0 /* AppDelegate.swift */; };
		B57843E61BDF801E00D1AE5D /* LaunchScreen.storyboard in Resources */ = {isa = PBXBuildFile; fileRef = B5AC13EC1BDA5A6600415BE0 /* LaunchScreen.storyboard */; };
		B57843E71BDF801E00D1AE5D /* Assets.xcassets in Resources */ = {isa = PBXBuildFile; fileRef = B5AC13EA1BDA5A6600415BE0 /* Assets.xcassets */; };
		B57843E81BDF801E00D1AE5D /* Main.storyboard in Resources */ = {isa = PBXBuildFile; fileRef = B5AC13E71BDA5A6600415BE0 /* Main.storyboard */; };
		B57843FF1BDF8D5A00D1AE5D /* Localizable.strings in Resources */ = {isa = PBXBuildFile; fileRef = B57843FE1BDF8D5600D1AE5D /* Localizable.strings */; };
		B57844001BDF8E2D00D1AE5D /* Localizable.strings in Resources */ = {isa = PBXBuildFile; fileRef = B57843F81BDF8D3900D1AE5D /* Localizable.strings */; };
		B58E61C41BF350AA0025803E /* KeychainPasswordItem.swift in Sources */ = {isa = PBXBuildFile; fileRef = B58E61C31BF350A90025803E /* KeychainPasswordItem.swift */; };
		B58E61C51BF350AA0025803E /* KeychainPasswordItem.swift in Sources */ = {isa = PBXBuildFile; fileRef = B58E61C31BF350A90025803E /* KeychainPasswordItem.swift */; };
		B58E61C71BF366A90025803E /* AccountsViewController.swift in Sources */ = {isa = PBXBuildFile; fileRef = B58E61C61BF366A90025803E /* AccountsViewController.swift */; };
		B58E61C81BF366A90025803E /* AccountsViewController.swift in Sources */ = {isa = PBXBuildFile; fileRef = B58E61C61BF366A90025803E /* AccountsViewController.swift */; };
		B58E61CA1BF36B7C0025803E /* AccountDetailsViewController.swift in Sources */ = {isa = PBXBuildFile; fileRef = B58E61C91BF36B7C0025803E /* AccountDetailsViewController.swift */; };
		B58E61CB1BF36B7C0025803E /* AccountDetailsViewController.swift in Sources */ = {isa = PBXBuildFile; fileRef = B58E61C91BF36B7C0025803E /* AccountDetailsViewController.swift */; };
		B58E61CE1BF3861A0025803E /* KeychainConfiguration.swift in Sources */ = {isa = PBXBuildFile; fileRef = B58E61CD1BF3861A0025803E /* KeychainConfiguration.swift */; };
		B58E61CF1BF3861A0025803E /* KeychainConfiguration.swift in Sources */ = {isa = PBXBuildFile; fileRef = B58E61CD1BF3861A0025803E /* KeychainConfiguration.swift */; };
		B5AC13E41BDA5A6600415BE0 /* AppDelegate.swift in Sources */ = {isa = PBXBuildFile; fileRef = B5AC13E31BDA5A6600415BE0 /* AppDelegate.swift */; };
		B5AC13E91BDA5A6600415BE0 /* Main.storyboard in Resources */ = {isa = PBXBuildFile; fileRef = B5AC13E71BDA5A6600415BE0 /* Main.storyboard */; };
		B5AC13EB1BDA5A6600415BE0 /* Assets.xcassets in Resources */ = {isa = PBXBuildFile; fileRef = B5AC13EA1BDA5A6600415BE0 /* Assets.xcassets */; };
		B5AC13EE1BDA5A6600415BE0 /* LaunchScreen.storyboard in Resources */ = {isa = PBXBuildFile; fileRef = B5AC13EC1BDA5A6600415BE0 /* LaunchScreen.storyboard */; };
/* End PBXBuildFile section */

/* Begin PBXFileReference section */
		B57843EC1BDF801E00D1AE5D /* GenericKeychain2.app */ = {isa = PBXFileReference; explicitFileType = wrapper.application; includeInIndex = 0; path = GenericKeychain2.app; sourceTree = BUILT_PRODUCTS_DIR; };
		B57843F61BDF8D3900D1AE5D /* Info.plist */ = {isa = PBXFileReference; fileEncoding = 4; lastKnownFileType = text.plist.xml; name = Info.plist; path = App1/Info.plist; sourceTree = "<group>"; };
		B57843F71BDF8D3900D1AE5D /* GenericKeychain1.entitlements */ = {isa = PBXFileReference; fileEncoding = 4; lastKnownFileType = text.xml; name = GenericKeychain1.entitlements; path = App1/GenericKeychain1.entitlements; sourceTree = "<group>"; };
		B57843F81BDF8D3900D1AE5D /* Localizable.strings */ = {isa = PBXFileReference; fileEncoding = 4; lastKnownFileType = text.plist.strings; name = Localizable.strings; path = App1/Localizable.strings; sourceTree = "<group>"; };
		B57843FC1BDF8D5600D1AE5D /* Info.plist */ = {isa = PBXFileReference; lastKnownFileType = text.plist.xml; name = Info.plist; path = App2/Info.plist; sourceTree = "<group>"; };
		B57843FD1BDF8D5600D1AE5D /* GenericKeychain2.entitlements */ = {isa = PBXFileReference; lastKnownFileType = text.xml; name = GenericKeychain2.entitlements; path = App2/GenericKeychain2.entitlements; sourceTree = "<group>"; };
		B57843FE1BDF8D5600D1AE5D /* Localizable.strings */ = {isa = PBXFileReference; lastKnownFileType = text.plist.strings; name = Localizable.strings; path = App2/Localizable.strings; sourceTree = "<group>"; };
		B57C2AD51C8D938F0009060C /* README.md */ = {isa = PBXFileReference; lastKnownFileType = net.daringfireball.markdown; path = README.md; sourceTree = "<group>"; };
		B58E61C31BF350A90025803E /* KeychainPasswordItem.swift */ = {isa = PBXFileReference; fileEncoding = 4; lastKnownFileType = sourcecode.swift; path = KeychainPasswordItem.swift; sourceTree = "<group>"; };
		B58E61C61BF366A90025803E /* AccountsViewController.swift */ = {isa = PBXFileReference; fileEncoding = 4; lastKnownFileType = sourcecode.swift; path = AccountsViewController.swift; sourceTree = "<group>"; };
		B58E61C91BF36B7C0025803E /* AccountDetailsViewController.swift */ = {isa = PBXFileReference; fileEncoding = 4; lastKnownFileType = sourcecode.swift; path = AccountDetailsViewController.swift; sourceTree = "<group>"; };
		B58E61CD1BF3861A0025803E /* KeychainConfiguration.swift */ = {isa = PBXFileReference; fileEncoding = 4; lastKnownFileType = sourcecode.swift; path = KeychainConfiguration.swift; sourceTree = "<group>"; };
		B5AC13E01BDA5A6600415BE0 /* GenericKeychain1.app */ = {isa = PBXFileReference; explicitFileType = wrapper.application; includeInIndex = 0; path = GenericKeychain1.app; sourceTree = BUILT_PRODUCTS_DIR; };
		B5AC13E31BDA5A6600415BE0 /* AppDelegate.swift */ = {isa = PBXFileReference; lastKnownFileType = sourcecode.swift; path = AppDelegate.swift; sourceTree = "<group>"; };
		B5AC13E81BDA5A6600415BE0 /* Base */ = {isa = PBXFileReference; lastKnownFileType = file.storyboard; name = Base; path = Base.lproj/Main.storyboard; sourceTree = "<group>"; };
		B5AC13EA1BDA5A6600415BE0 /* Assets.xcassets */ = {isa = PBXFileReference; lastKnownFileType = folder.assetcatalog; path = Assets.xcassets; sourceTree = "<group>"; };
		B5AC13ED1BDA5A6600415BE0 /* Base */ = {isa = PBXFileReference; lastKnownFileType = file.storyboard; name = Base; path = Base.lproj/LaunchScreen.storyboard; sourceTree = "<group>"; };
/* End PBXFileReference section */

/* Begin PBXFrameworksBuildPhase section */
		B57843E41BDF801E00D1AE5D /* Frameworks */ = {
			isa = PBXFrameworksBuildPhase;
			buildActionMask = 2147483647;
			files = (
			);
			runOnlyForDeploymentPostprocessing = 0;
		};
		B5AC13DD1BDA5A6600415BE0 /* Frameworks */ = {
			isa = PBXFrameworksBuildPhase;
			buildActionMask = 2147483647;
			files = (
			);
			runOnlyForDeploymentPostprocessing = 0;
		};
/* End PBXFrameworksBuildPhase section */

/* Begin PBXGroup section */
		B57843F41BDF8C9800D1AE5D /* App 1 */ = {
			isa = PBXGroup;
			children = (
				B57843F61BDF8D3900D1AE5D /* Info.plist */,
				B57843F71BDF8D3900D1AE5D /* GenericKeychain1.entitlements */,
				B57843F81BDF8D3900D1AE5D /* Localizable.strings */,
			);
			name = "App 1";
			sourceTree = "<group>";
		};
		B57843F51BDF8C9F00D1AE5D /* App 2 */ = {
			isa = PBXGroup;
			children = (
				B57843FC1BDF8D5600D1AE5D /* Info.plist */,
				B57843FD1BDF8D5600D1AE5D /* GenericKeychain2.entitlements */,
				B57843FE1BDF8D5600D1AE5D /* Localizable.strings */,
			);
			name = "App 2";
			sourceTree = "<group>";
		};
		B5AC13D71BDA5A6600415BE0 = {
			isa = PBXGroup;
			children = (
				B57C2AD51C8D938F0009060C /* README.md */,
				B5AC13E21BDA5A6600415BE0 /* GenericKeychain */,
				B5AC13E11BDA5A6600415BE0 /* Products */,
			);
			sourceTree = "<group>";
		};
		B5AC13E11BDA5A6600415BE0 /* Products */ = {
			isa = PBXGroup;
			children = (
				B5AC13E01BDA5A6600415BE0 /* GenericKeychain1.app */,
				B57843EC1BDF801E00D1AE5D /* GenericKeychain2.app */,
			);
			name = Products;
			sourceTree = "<group>";
		};
		B5AC13E21BDA5A6600415BE0 /* GenericKeychain */ = {
			isa = PBXGroup;
			children = (
				B58E61C31BF350A90025803E /* KeychainPasswordItem.swift */,
				B58E61C61BF366A90025803E /* AccountsViewController.swift */,
				B58E61C91BF36B7C0025803E /* AccountDetailsViewController.swift */,
				B5AC13E31BDA5A6600415BE0 /* AppDelegate.swift */,
				B58E61CD1BF3861A0025803E /* KeychainConfiguration.swift */,
				B5AC13E71BDA5A6600415BE0 /* Main.storyboard */,
				B5AC13EA1BDA5A6600415BE0 /* Assets.xcassets */,
				B5AC13EC1BDA5A6600415BE0 /* LaunchScreen.storyboard */,
				B57843F41BDF8C9800D1AE5D /* App 1 */,
				B57843F51BDF8C9F00D1AE5D /* App 2 */,
			);
			path = GenericKeychain;
			sourceTree = "<group>";
		};
/* End PBXGroup section */

/* Begin PBXNativeTarget section */
		B57843DF1BDF801E00D1AE5D /* GenericKeychain2 */ = {
			isa = PBXNativeTarget;
			buildConfigurationList = B57843E91BDF801E00D1AE5D /* Build configuration list for PBXNativeTarget "GenericKeychain2" */;
			buildPhases = (
				B57843E01BDF801E00D1AE5D /* Sources */,
				B57843E41BDF801E00D1AE5D /* Frameworks */,
				B57843E51BDF801E00D1AE5D /* Resources */,
			);
			buildRules = (
			);
			dependencies = (
			);
			name = GenericKeychain2;
			productName = GenericKeychain;
			productReference = B57843EC1BDF801E00D1AE5D /* GenericKeychain2.app */;
			productType = "com.apple.product-type.application";
		};
		B5AC13DF1BDA5A6600415BE0 /* GenericKeychain1 */ = {
			isa = PBXNativeTarget;
			buildConfigurationList = B5AC13F21BDA5A6600415BE0 /* Build configuration list for PBXNativeTarget "GenericKeychain1" */;
			buildPhases = (
				B5AC13DC1BDA5A6600415BE0 /* Sources */,
				B5AC13DD1BDA5A6600415BE0 /* Frameworks */,
				B5AC13DE1BDA5A6600415BE0 /* Resources */,
			);
			buildRules = (
			);
			dependencies = (
			);
			name = GenericKeychain1;
			productName = GenericKeychain;
			productReference = B5AC13E01BDA5A6600415BE0 /* GenericKeychain1.app */;
			productType = "com.apple.product-type.application";
		};
/* End PBXNativeTarget section */

/* Begin PBXProject section */
		B5AC13D81BDA5A6600415BE0 /* Project object */ = {
			isa = PBXProject;
			attributes = {
				LastSwiftUpdateCheck = 0720;
				LastUpgradeCheck = 0800;
				ORGANIZATIONNAME = Apple;
				TargetAttributes = {
					B57843DF1BDF801E00D1AE5D = {
						LastSwiftMigration = 0800;
					};
					B5AC13DF1BDA5A6600415BE0 = {
						CreatedOnToolsVersion = 7.2;
						LastSwiftMigration = 0800;
						SystemCapabilities = {
							com.apple.Keychain = {
								enabled = 1;
							};
						};
					};
				};
			};
			buildConfigurationList = B5AC13DB1BDA5A6600415BE0 /* Build configuration list for PBXProject "GenericKeychain" */;
			compatibilityVersion = "Xcode 3.2";
			developmentRegion = English;
			hasScannedForEncodings = 0;
			knownRegions = (
				en,
				Base,
			);
			mainGroup = B5AC13D71BDA5A6600415BE0;
			productRefGroup = B5AC13E11BDA5A6600415BE0 /* Products */;
			projectDirPath = "";
			projectRoot = "";
			targets = (
				B5AC13DF1BDA5A6600415BE0 /* GenericKeychain1 */,
				B57843DF1BDF801E00D1AE5D /* GenericKeychain2 */,
			);
		};
/* End PBXProject section */

/* Begin PBXResourcesBuildPhase section */
		B57843E51BDF801E00D1AE5D /* Resources */ = {
			isa = PBXResourcesBuildPhase;
			buildActionMask = 2147483647;
			files = (
				B57843FF1BDF8D5A00D1AE5D /* Localizable.strings in Resources */,
				B57843E61BDF801E00D1AE5D /* LaunchScreen.storyboard in Resources */,
				B57843E71BDF801E00D1AE5D /* Assets.xcassets in Resources */,
				B57843E81BDF801E00D1AE5D /* Main.storyboard in Resources */,
			);
			runOnlyForDeploymentPostprocessing = 0;
		};
		B5AC13DE1BDA5A6600415BE0 /* Resources */ = {
			isa = PBXResourcesBuildPhase;
			buildActionMask = 2147483647;
			files = (
				B5AC13EE1BDA5A6600415BE0 /* LaunchScreen.storyboard in Resources */,
				B57844001BDF8E2D00D1AE5D /* Localizable.strings in Resources */,
				B5AC13EB1BDA5A6600415BE0 /* Assets.xcassets in Resources */,
				B5AC13E91BDA5A6600415BE0 /* Main.storyboard in Resources */,
			);
			runOnlyForDeploymentPostprocessing = 0;
		};
/* End PBXResourcesBuildPhase section */

/* Begin PBXSourcesBuildPhase section */
		B57843E01BDF801E00D1AE5D /* Sources */ = {
			isa = PBXSourcesBuildPhase;
			buildActionMask = 2147483647;
			files = (
				B58E61CF1BF3861A0025803E /* KeychainConfiguration.swift in Sources */,
				B57843E11BDF801E00D1AE5D /* AppDelegate.swift in Sources */,
				B58E61C51BF350AA0025803E /* KeychainPasswordItem.swift in Sources */,
				B58E61CB1BF36B7C0025803E /* AccountDetailsViewController.swift in Sources */,
				B58E61C81BF366A90025803E /* AccountsViewController.swift in Sources */,
			);
			runOnlyForDeploymentPostprocessing = 0;
		};
		B5AC13DC1BDA5A6600415BE0 /* Sources */ = {
			isa = PBXSourcesBuildPhase;
			buildActionMask = 2147483647;
			files = (
				B58E61CE1BF3861A0025803E /* KeychainConfiguration.swift in Sources */,
				B5AC13E41BDA5A6600415BE0 /* AppDelegate.swift in Sources */,
				B58E61C41BF350AA0025803E /* KeychainPasswordItem.swift in Sources */,
				B58E61CA1BF36B7C0025803E /* AccountDetailsViewController.swift in Sources */,
				B58E61C71BF366A90025803E /* AccountsViewController.swift in Sources */,
			);
			runOnlyForDeploymentPostprocessing = 0;
		};
/* End PBXSourcesBuildPhase section */

/* Begin PBXVariantGroup section */
		B5AC13E71BDA5A6600415BE0 /* Main.storyboard */ = {
			isa = PBXVariantGroup;
			children = (
				B5AC13E81BDA5A6600415BE0 /* Base */,
			);
			name = Main.storyboard;
			sourceTree = "<group>";
		};
		B5AC13EC1BDA5A6600415BE0 /* LaunchScreen.storyboard */ = {
			isa = PBXVariantGroup;
			children = (
				B5AC13ED1BDA5A6600415BE0 /* Base */,
			);
			name = LaunchScreen.storyboard;
			sourceTree = "<group>";
		};
/* End PBXVariantGroup section */

/* Begin XCBuildConfiguration section */
		B57843EA1BDF801E00D1AE5D /* Debug */ = {
			isa = XCBuildConfiguration;
			buildSettings = {
				ASSETCATALOG_COMPILER_APPICON_NAME = AppIcon;
				CODE_SIGN_ENTITLEMENTS = GenericKeychain/App2/GenericKeychain2.entitlements;
				CODE_SIGN_IDENTITY = "iPhone Developer";
				"CODE_SIGN_IDENTITY[sdk=iphoneos*]" = "iPhone Developer";
				DEVELOPMENT_TEAM = "";
				INFOPLIST_FILE = GenericKeychain/App2/Info.plist;
				LD_RUNPATH_SEARCH_PATHS = "$(inherited) @executable_path/Frameworks";
				PRODUCT_BUNDLE_IDENTIFIER = "com.example.apple-samplecode.GenericKeychain2";
				PRODUCT_NAME = "$(TARGET_NAME)";
				PROVISIONING_PROFILE = "";
				SWIFT_VERSION = 3.0;
			};
			name = Debug;
		};
		B57843EB1BDF801E00D1AE5D /* Release */ = {
			isa = XCBuildConfiguration;
			buildSettings = {
				ASSETCATALOG_COMPILER_APPICON_NAME = AppIcon;
				CODE_SIGN_ENTITLEMENTS = GenericKeychain/App2/GenericKeychain2.entitlements;
				CODE_SIGN_IDENTITY = "iPhone Developer";
				"CODE_SIGN_IDENTITY[sdk=iphoneos*]" = "iPhone Developer";
				DEVELOPMENT_TEAM = "";
				INFOPLIST_FILE = GenericKeychain/App2/Info.plist;
				LD_RUNPATH_SEARCH_PATHS = "$(inherited) @executable_path/Frameworks";
				PRODUCT_BUNDLE_IDENTIFIER = "com.example.apple-samplecode.GenericKeychain2";
				PRODUCT_NAME = "$(TARGET_NAME)";
				PROVISIONING_PROFILE = "";
				SWIFT_OPTIMIZATION_LEVEL = "-Owholemodule";
				SWIFT_VERSION = 3.0;
			};
			name = Release;
		};
		B5AC13F01BDA5A6600415BE0 /* Debug */ = {
			isa = XCBuildConfiguration;
			buildSettings = {
				ALWAYS_SEARCH_USER_PATHS = NO;
				CLANG_CXX_LANGUAGE_STANDARD = "gnu++0x";
				CLANG_CXX_LIBRARY = "libc++";
				CLANG_ENABLE_MODULES = YES;
				CLANG_ENABLE_OBJC_ARC = YES;
				CLANG_WARN_BOOL_CONVERSION = YES;
				CLANG_WARN_CONSTANT_CONVERSION = YES;
				CLANG_WARN_DIRECT_OBJC_ISA_USAGE = YES_ERROR;
				CLANG_WARN_EMPTY_BODY = YES;
				CLANG_WARN_ENUM_CONVERSION = YES;
				CLANG_WARN_INT_CONVERSION = YES;
				CLANG_WARN_OBJC_ROOT_CLASS = YES_ERROR;
				CLANG_WARN_UNREACHABLE_CODE = YES;
				CLANG_WARN__DUPLICATE_METHOD_MATCH = YES;
				"CODE_SIGN_IDENTITY[sdk=iphoneos*]" = "iPhone Developer";
				COPY_PHASE_STRIP = NO;
				DEBUG_INFORMATION_FORMAT = dwarf;
				ENABLE_STRICT_OBJC_MSGSEND = YES;
				ENABLE_TESTABILITY = YES;
				GCC_C_LANGUAGE_STANDARD = gnu99;
				GCC_DYNAMIC_NO_PIC = NO;
				GCC_NO_COMMON_BLOCKS = YES;
				GCC_OPTIMIZATION_LEVEL = 0;
				GCC_PREPROCESSOR_DEFINITIONS = (
					"DEBUG=1",
					"$(inherited)",
				);
				GCC_WARN_64_TO_32_BIT_CONVERSION = YES;
				GCC_WARN_ABOUT_RETURN_TYPE = YES_ERROR;
				GCC_WARN_UNDECLARED_SELECTOR = YES;
				GCC_WARN_UNINITIALIZED_AUTOS = YES_AGGRESSIVE;
				GCC_WARN_UNUSED_FUNCTION = YES;
				GCC_WARN_UNUSED_VARIABLE = YES;
				IPHONEOS_DEPLOYMENT_TARGET = 9.2;
				MTL_ENABLE_DEBUG_INFO = YES;
				ONLY_ACTIVE_ARCH = YES;
				SDKROOT = iphoneos;
				SWIFT_OPTIMIZATION_LEVEL = "-Onone";
				TARGETED_DEVICE_FAMILY = "1,2";
			};
			name = Debug;
		};
		B5AC13F11BDA5A6600415BE0 /* Release */ = {
			isa = XCBuildConfiguration;
			buildSettings = {
				ALWAYS_SEARCH_USER_PATHS = NO;
				CLANG_CXX_LANGUAGE_STANDARD = "gnu++0x";
				CLANG_CXX_LIBRARY = "libc++";
				CLANG_ENABLE_MODULES = YES;
				CLANG_ENABLE_OBJC_ARC = YES;
				CLANG_WARN_BOOL_CONVERSION = YES;
				CLANG_WARN_CONSTANT_CONVERSION = YES;
				CLANG_WARN_DIRECT_OBJC_ISA_USAGE = YES_ERROR;
				CLANG_WARN_EMPTY_BODY = YES;
				CLANG_WARN_ENUM_CONVERSION = YES;
				CLANG_WARN_INT_CONVERSION = YES;
				CLANG_WARN_OBJC_ROOT_CLASS = YES_ERROR;
				CLANG_WARN_UNREACHABLE_CODE = YES;
				CLANG_WARN__DUPLICATE_METHOD_MATCH = YES;
				"CODE_SIGN_IDENTITY[sdk=iphoneos*]" = "iPhone Developer";
				COPY_PHASE_STRIP = NO;
				DEBUG_INFORMATION_FORMAT = "dwarf-with-dsym";
				ENABLE_NS_ASSERTIONS = NO;
				ENABLE_STRICT_OBJC_MSGSEND = YES;
				GCC_C_LANGUAGE_STANDARD = gnu99;
				GCC_NO_COMMON_BLOCKS = YES;
				GCC_WARN_64_TO_32_BIT_CONVERSION = YES;
				GCC_WARN_ABOUT_RETURN_TYPE = YES_ERROR;
				GCC_WARN_UNDECLARED_SELECTOR = YES;
				GCC_WARN_UNINITIALIZED_AUTOS = YES_AGGRESSIVE;
				GCC_WARN_UNUSED_FUNCTION = YES;
				GCC_WARN_UNUSED_VARIABLE = YES;
				IPHONEOS_DEPLOYMENT_TARGET = 9.2;
				MTL_ENABLE_DEBUG_INFO = NO;
				SDKROOT = iphoneos;
				TARGETED_DEVICE_FAMILY = "1,2";
				VALIDATE_PRODUCT = YES;
			};
			name = Release;
		};
		B5AC13F31BDA5A6600415BE0 /* Debug */ = {
			isa = XCBuildConfiguration;
			buildSettings = {
				ASSETCATALOG_COMPILER_APPICON_NAME = AppIcon;
				CODE_SIGN_ENTITLEMENTS = GenericKeychain/App1/GenericKeychain1.entitlements;
				CODE_SIGN_IDENTITY = "iPhone Developer";
				DEVELOPMENT_TEAM = "";
				INFOPLIST_FILE = GenericKeychain/App1/Info.plist;
				LD_RUNPATH_SEARCH_PATHS = "$(inherited) @executable_path/Frameworks";
				PRODUCT_BUNDLE_IDENTIFIER = "com.example.apple-samplecode.GenericKeychain1";
				PRODUCT_NAME = "$(TARGET_NAME)";
				SWIFT_VERSION = 3.0;
			};
			name = Debug;
		};
		B5AC13F41BDA5A6600415BE0 /* Release */ = {
			isa = XCBuildConfiguration;
			buildSettings = {
				ASSETCATALOG_COMPILER_APPICON_NAME = AppIcon;
				CODE_SIGN_ENTITLEMENTS = GenericKeychain/App1/GenericKeychain1.entitlements;
				CODE_SIGN_IDENTITY = "iPhone Developer";
				DEVELOPMENT_TEAM = "";
				INFOPLIST_FILE = GenericKeychain/App1/Info.plist;
				LD_RUNPATH_SEARCH_PATHS = "$(inherited) @executable_path/Frameworks";
				PRODUCT_BUNDLE_IDENTIFIER = "com.example.apple-samplecode.GenericKeychain1";
				PRODUCT_NAME = "$(TARGET_NAME)";
				SWIFT_OPTIMIZATION_LEVEL = "-Owholemodule";
				SWIFT_VERSION = 3.0;
			};
			name = Release;
		};
/* End XCBuildConfiguration section */

/* Begin XCConfigurationList section */
		B57843E91BDF801E00D1AE5D /* Build configuration list for PBXNativeTarget "GenericKeychain2" */ = {
			isa = XCConfigurationList;
			buildConfigurations = (
				B57843EA1BDF801E00D1AE5D /* Debug */,
				B57843EB1BDF801E00D1AE5D /* Release */,
			);
			defaultConfigurationIsVisible = 0;
			defaultConfigurationName = Release;
		};
		B5AC13DB1BDA5A6600415BE0 /* Build configuration list for PBXProject "GenericKeychain" */ = {
			isa = XCConfigurationList;
			buildConfigurations = (
				B5AC13F01BDA5A6600415BE0 /* Debug */,
				B5AC13F11BDA5A6600415BE0 /* Release */,
			);
			defaultConfigurationIsVisible = 0;
			defaultConfigurationName = Release;
		};
		B5AC13F21BDA5A6600415BE0 /* Build configuration list for PBXNativeTarget "GenericKeychain1" */ = {
			isa = XCConfigurationList;
			buildConfigurations = (
				B5AC13F31BDA5A6600415BE0 /* Debug */,
				B5AC13F41BDA5A6600415BE0 /* Release */,
			);
			defaultConfigurationIsVisible = 0;
			defaultConfigurationName = Release;
		};
/* End XCConfigurationList section */
	};
	rootObject = B5AC13D81BDA5A6600415BE0 /* Project object */;
}
